
Microsoft Visual Studio Solution File, Format Version 12.00
# Visual Studio 15
VisualStudioVersion = 15.0.26730.15
MinimumVisualStudioVersion = 10.0.40219.1
Project("{9A19103F-16F7-4668-BE54-9A1E7A4F7556}") = "Asp2017", "Asp2017.csproj", "{A0248035-E606-429F-9959-2D52537122F4}"
EndProject
Global
	GlobalSection(SolutionConfigurationPlatforms) = preSolution
		Debug|Any CPU = Debug|Any CPU
		Release|Any CPU = Release|Any CPU
	EndGlobalSection
	GlobalSection(ProjectConfigurationPlatforms) = postSolution
		{A0248035-E606-429F-9959-2D52537122F4}.Debug|Any CPU.ActiveCfg = Debug|Any CPU
		{A0248035-E606-429F-9959-2D52537122F4}.Debug|Any CPU.Build.0 = Debug|Any CPU
		{A0248035-E606-429F-9959-2D52537122F4}.Release|Any CPU.ActiveCfg = Release|Any CPU
		{A0248035-E606-429F-9959-2D52537122F4}.Release|Any CPU.Build.0 = Release|Any CPU
	EndGlobalSection
	GlobalSection(SolutionProperties) = preSolution
		HideSolutionNode = FALSE
	EndGlobalSection
	GlobalSection(ExtensibilityGlobals) = postSolution
		SolutionGuid = {846A4268-95C2-4B61-8D14-503997D674FF}
	EndGlobalSection
EndGlobal
